{
  "nodes": {
    "espeak-master": {
      "inputs": {
        "flakeNimbleLib": [
          "flakeNimbleLib"
        ],
        "nixpkgs": [
          "nixpkgs"
        ],
        "src-espeak-master": "src-espeak-master"
      },
      "locked": {
        "dir": "master",
        "lastModified": 1662254452,
        "narHash": "sha256-ujyx9BE/u2p1294jUl6CWtcYTuy8P//+aLdp/lwfT3A=",
        "owner": "nim-nix-pkgs",
        "repo": "espeak",
        "rev": "81b339a71697b3ab69ff66ef7dab2d2795313640",
        "type": "github"
      },
      "original": {
        "dir": "master",
        "owner": "nim-nix-pkgs",
        "ref": "master",
        "repo": "espeak",
        "type": "github"
      }
    },
    "flakeNimbleLib": {
      "inputs": {
        "nixpkgs": [
          "nixpkgs"
        ]
      },
      "locked": {
        "lastModified": 1662018438,
        "narHash": "sha256-QtNtU6+LX3Wokxf0zlFwKTFOcn6TeDjKQZ+DA9OYtvM=",
        "owner": "riinr",
        "repo": "nim-flakes-lib",
        "rev": "b1fe8340736e3a85d25c709ac3dfd82a55c03cbf",
        "type": "github"
      },
      "original": {
        "owner": "riinr",
        "ref": "master",
        "repo": "nim-flakes-lib",
        "type": "github"
      }
    },
    "nixpkgs": {
      "locked": {
        "lastModified": 1667110639,
        "narHash": "sha256-4FbPESZ5LbqQxkJJJBAfk/zKgF9h/4kyUwjjpJwYlbc=",
        "owner": "NixOS",
        "repo": "nixpkgs",
        "rev": "f38a1f04d1bec1feb61fd101a0539ae2002a7087",
        "type": "github"
      },
      "original": {
        "id": "nixpkgs",
        "type": "indirect"
      }
    },
    "root": {
      "inputs": {
        "espeak-master": "espeak-master",
        "flakeNimbleLib": "flakeNimbleLib",
        "nixpkgs": "nixpkgs"
      }
    },
    "src-espeak-master": {
      "flake": false,
      "locked": {
        "lastModified": 1559848371,
        "narHash": "sha256-LF6Gy/C1yuuArz+srb5z9HoPGyG45ooRHOZgmQDarVw=",
        "owner": "juancarlospaco",
        "repo": "nim-espeak",
        "rev": "119e6e1f385b02dff310ebcf976a98512237c00a",
        "type": "github"
      },
      "original": {
        "owner": "juancarlospaco",
        "ref": "refs/heads/master",
        "repo": "nim-espeak",
        "type": "github"
      }
    }
  },
  "root": "root",
  "version": 7
}
